{
  "requires": true,
  "lockfileVersion": 1,
  "dependencies": {
    "igv": {
      "version": "2.4.0",
      "resolved": "https://registry.npmjs.org/igv/-/igv-2.4.0.tgz",
      "integrity": "sha512-4zPwBAxQe5RRWb/9MB4jRBocX2A9ul/1MxXfMe8JDZ+pAM8e3ztZsyjDbTzPyKp/GddVWLCkCPnGR2M39eHEag=="
    }
  }
}
